// !$*UTF8*$!
{
	archiveVersion = 1;
	classes = {
	};
	objectVersion = 50;
	objects = {

/* Begin PBXBuildFile section */
		6E64C77425CA89CA00AFF856 /* AppDelegate.swift in Sources */ = {isa = PBXBuildFile; fileRef = 6E64C77325CA89CA00AFF856 /* AppDelegate.swift */; };
		6E64C77625CA89CA00AFF856 /* SceneDelegate.swift in Sources */ = {isa = PBXBuildFile; fileRef = 6E64C77525CA89CA00AFF856 /* SceneDelegate.swift */; };
		6E64C77825CA89CA00AFF856 /* ViewController.swift in Sources */ = {isa = PBXBuildFile; fileRef = 6E64C77725CA89CA00AFF856 /* ViewController.swift */; };
		6E64C77B25CA89CA00AFF856 /* Main.storyboard in Resources */ = {isa = PBXBuildFile; fileRef = 6E64C77925CA89CA00AFF856 /* Main.storyboard */; };
		6E64C77D25CA89CF00AFF856 /* Assets.xcassets in Resources */ = {isa = PBXBuildFile; fileRef = 6E64C77C25CA89CF00AFF856 /* Assets.xcassets */; };
		6E64C78025CA89CF00AFF856 /* LaunchScreen.storyboard in Resources */ = {isa = PBXBuildFile; fileRef = 6E64C77E25CA89CF00AFF856 /* LaunchScreen.storyboard */; };
		6E64C79925CA9D2700AFF856 /* NetworkWeatherManager.swift in Sources */ = {isa = PBXBuildFile; fileRef = 6E64C79825CA9D2700AFF856 /* NetworkWeatherManager.swift */; };
		6E64C79C25CA9E6D00AFF856 /* Constans.swift in Sources */ = {isa = PBXBuildFile; fileRef = 6E64C79B25CA9E6D00AFF856 /* Constans.swift */; };
		6E64C7A125CAA03000AFF856 /* ViewController+alertController.swift in Sources */ = {isa = PBXBuildFile; fileRef = 6E64C7A025CAA03000AFF856 /* ViewController+alertController.swift */; };
		6E64C7A425CACE5700AFF856 /* CurrentWeatherData.swift in Sources */ = {isa = PBXBuildFile; fileRef = 6E64C7A325CACE5700AFF856 /* CurrentWeatherData.swift */; };
		6E64C7A725CAD53500AFF856 /* CurrentWeather.swift in Sources */ = {isa = PBXBuildFile; fileRef = 6E64C7A625CAD53500AFF856 /* CurrentWeather.swift */; };
		6E64C7AE25CDBFE000AFF856 /* ForecastViewController.swift in Sources */ = {isa = PBXBuildFile; fileRef = 6E64C7AD25CDBFE000AFF856 /* ForecastViewController.swift */; };
/* End PBXBuildFile section */

/* Begin PBXFileReference section */
		6E64C77025CA89CA00AFF856 /* WeatherApp.app */ = {isa = PBXFileReference; explicitFileType = wrapper.application; includeInIndex = 0; path = WeatherApp.app; sourceTree = BUILT_PRODUCTS_DIR; };
		6E64C77325CA89CA00AFF856 /* AppDelegate.swift */ = {isa = PBXFileReference; lastKnownFileType = sourcecode.swift; path = AppDelegate.swift; sourceTree = "<group>"; };
		6E64C77525CA89CA00AFF856 /* SceneDelegate.swift */ = {isa = PBXFileReference; lastKnownFileType = sourcecode.swift; path = SceneDelegate.swift; sourceTree = "<group>"; };
		6E64C77725CA89CA00AFF856 /* ViewController.swift */ = {isa = PBXFileReference; lastKnownFileType = sourcecode.swift; path = ViewController.swift; sourceTree = "<group>"; };
		6E64C77A25CA89CA00AFF856 /* Base */ = {isa = PBXFileReference; lastKnownFileType = file.storyboard; name = Base; path = Base.lproj/Main.storyboard; sourceTree = "<group>"; };
		6E64C77C25CA89CF00AFF856 /* Assets.xcassets */ = {isa = PBXFileReference; lastKnownFileType = folder.assetcatalog; path = Assets.xcassets; sourceTree = "<group>"; };
		6E64C77F25CA89CF00AFF856 /* Base */ = {isa = PBXFileReference; lastKnownFileType = file.storyboard; name = Base; path = Base.lproj/LaunchScreen.storyboard; sourceTree = "<group>"; };
		6E64C78125CA89CF00AFF856 /* Info.plist */ = {isa = PBXFileReference; lastKnownFileType = text.plist.xml; path = Info.plist; sourceTree = "<group>"; };
		6E64C79825CA9D2700AFF856 /* NetworkWeatherManager.swift */ = {isa = PBXFileReference; lastKnownFileType = sourcecode.swift; path = NetworkWeatherManager.swift; sourceTree = "<group>"; };
		6E64C79B25CA9E6D00AFF856 /* Constans.swift */ = {isa = PBXFileReference; lastKnownFileType = sourcecode.swift; path = Constans.swift; sourceTree = "<group>"; };
		6E64C7A025CAA03000AFF856 /* ViewController+alertController.swift */ = {isa = PBXFileReference; lastKnownFileType = sourcecode.swift; path = "ViewController+alertController.swift"; sourceTree = "<group>"; };
		6E64C7A325CACE5700AFF856 /* CurrentWeatherData.swift */ = {isa = PBXFileReference; lastKnownFileType = sourcecode.swift; path = CurrentWeatherData.swift; sourceTree = "<group>"; };
		6E64C7A625CAD53500AFF856 /* CurrentWeather.swift */ = {isa = PBXFileReference; lastKnownFileType = sourcecode.swift; path = CurrentWeather.swift; sourceTree = "<group>"; };
		6E64C7AD25CDBFE000AFF856 /* ForecastViewController.swift */ = {isa = PBXFileReference; lastKnownFileType = sourcecode.swift; path = ForecastViewController.swift; sourceTree = "<group>"; };
/* End PBXFileReference section */

/* Begin PBXFrameworksBuildPhase section */
		6E64C76D25CA89CA00AFF856 /* Frameworks */ = {
			isa = PBXFrameworksBuildPhase;
			buildActionMask = 2147483647;
			files = (
			);
			runOnlyForDeploymentPostprocessing = 0;
		};
/* End PBXFrameworksBuildPhase section */

/* Begin PBXGroup section */
		6E64C76725CA89C900AFF856 = {
			isa = PBXGroup;
			children = (
				6E64C77225CA89CA00AFF856 /* WeatherApp */,
				6E64C77125CA89CA00AFF856 /* Products */,
			);
			sourceTree = "<group>";
		};
		6E64C77125CA89CA00AFF856 /* Products */ = {
			isa = PBXGroup;
			children = (
				6E64C77025CA89CA00AFF856 /* WeatherApp.app */,
			);
			name = Products;
			sourceTree = "<group>";
		};
		6E64C77225CA89CA00AFF856 /* WeatherApp */ = {
			isa = PBXGroup;
			children = (
				6E64C79F25CAA01600AFF856 /* Extensions */,
				6E64C78F25CA9A7700AFF856 /* Views */,
				6E64C79025CA9A8900AFF856 /* Models */,
				6E64C78D25CA9A5E00AFF856 /* View Controllers */,
				6E64C79125CA9A9E00AFF856 /* Supporting files */,
				6E64C78125CA89CF00AFF856 /* Info.plist */,
			);
			path = WeatherApp;
			sourceTree = "<group>";
		};
		6E64C78D25CA9A5E00AFF856 /* View Controllers */ = {
			isa = PBXGroup;
			children = (
				6E64C77725CA89CA00AFF856 /* ViewController.swift */,
				6E64C7AD25CDBFE000AFF856 /* ForecastViewController.swift */,
			);
			path = "View Controllers";
			sourceTree = "<group>";
		};
		6E64C78F25CA9A7700AFF856 /* Views */ = {
			isa = PBXGroup;
			children = (
				6E64C77925CA89CA00AFF856 /* Main.storyboard */,
				6E64C77E25CA89CF00AFF856 /* LaunchScreen.storyboard */,
			);
			path = Views;
			sourceTree = "<group>";
		};
		6E64C79025CA9A8900AFF856 /* Models */ = {
			isa = PBXGroup;
			children = (
				6E64C79825CA9D2700AFF856 /* NetworkWeatherManager.swift */,
				6E64C7A325CACE5700AFF856 /* CurrentWeatherData.swift */,
				6E64C7A625CAD53500AFF856 /* CurrentWeather.swift */,
			);
			path = Models;
			sourceTree = "<group>";
		};
		6E64C79125CA9A9E00AFF856 /* Supporting files */ = {
			isa = PBXGroup;
			children = (
				6E64C79B25CA9E6D00AFF856 /* Constans.swift */,
				6E64C77325CA89CA00AFF856 /* AppDelegate.swift */,
				6E64C77525CA89CA00AFF856 /* SceneDelegate.swift */,
				6E64C77C25CA89CF00AFF856 /* Assets.xcassets */,
			);
			path = "Supporting files";
			sourceTree = "<group>";
		};
		6E64C79F25CAA01600AFF856 /* Extensions */ = {
			isa = PBXGroup;
			children = (
				6E64C7A025CAA03000AFF856 /* ViewController+alertController.swift */,
			);
			path = Extensions;
			sourceTree = "<group>";
		};
/* End PBXGroup section */

/* Begin PBXNativeTarget section */
		6E64C76F25CA89CA00AFF856 /* WeatherApp */ = {
			isa = PBXNativeTarget;
			buildConfigurationList = 6E64C78425CA89CF00AFF856 /* Build configuration list for PBXNativeTarget "WeatherApp" */;
			buildPhases = (
				6E64C76C25CA89CA00AFF856 /* Sources */,
				6E64C76D25CA89CA00AFF856 /* Frameworks */,
				6E64C76E25CA89CA00AFF856 /* Resources */,
			);
			buildRules = (
			);
			dependencies = (
			);
			name = WeatherApp;
			productName = WeatherApp;
			productReference = 6E64C77025CA89CA00AFF856 /* WeatherApp.app */;
			productType = "com.apple.product-type.application";
		};
/* End PBXNativeTarget section */

/* Begin PBXProject section */
		6E64C76825CA89C900AFF856 /* Project object */ = {
			isa = PBXProject;
			attributes = {
				LastSwiftUpdateCheck = 1240;
				LastUpgradeCheck = 1240;
				TargetAttributes = {
					6E64C76F25CA89CA00AFF856 = {
						CreatedOnToolsVersion = 12.4;
					};
				};
			};
			buildConfigurationList = 6E64C76B25CA89C900AFF856 /* Build configuration list for PBXProject "WeatherApp" */;
			compatibilityVersion = "Xcode 9.3";
			developmentRegion = en;
			hasScannedForEncodings = 0;
			knownRegions = (
				en,
				Base,
			);
			mainGroup = 6E64C76725CA89C900AFF856;
			productRefGroup = 6E64C77125CA89CA00AFF856 /* Products */;
			projectDirPath = "";
			projectRoot = "";
			targets = (
				6E64C76F25CA89CA00AFF856 /* WeatherApp */,
			);
		};
/* End PBXProject section */

/* Begin PBXResourcesBuildPhase section */
		6E64C76E25CA89CA00AFF856 /* Resources */ = {
			isa = PBXResourcesBuildPhase;
			buildActionMask = 2147483647;
			files = (
				6E64C78025CA89CF00AFF856 /* LaunchScreen.storyboard in Resources */,
				6E64C77D25CA89CF00AFF856 /* Assets.xcassets in Resources */,
				6E64C77B25CA89CA00AFF856 /* Main.storyboard in Resources */,
			);
			runOnlyForDeploymentPostprocessing = 0;
		};
/* End PBXResourcesBuildPhase section */

/* Begin PBXSourcesBuildPhase section */
		6E64C76C25CA89CA00AFF856 /* Sources */ = {
			isa = PBXSourcesBuildPhase;
			buildActionMask = 2147483647;
			files = (
				6E64C77825CA89CA00AFF856 /* ViewController.swift in Sources */,
				6E64C77425CA89CA00AFF856 /* AppDelegate.swift in Sources */,
				6E64C7AE25CDBFE000AFF856 /* ForecastViewController.swift in Sources */,
				6E64C7A725CAD53500AFF856 /* CurrentWeather.swift in Sources */,
				6E64C79C25CA9E6D00AFF856 /* Constans.swift in Sources */,
				6E64C7A125CAA03000AFF856 /* ViewController+alertController.swift in Sources */,
				6E64C77625CA89CA00AFF856 /* SceneDelegate.swift in Sources */,
				6E64C7A425CACE5700AFF856 /* CurrentWeatherData.swift in Sources */,
				6E64C79925CA9D2700AFF856 /* NetworkWeatherManager.swift in Sources */,
			);
			runOnlyForDeploymentPostprocessing = 0;
		};
/* End PBXSourcesBuildPhase section */

/* Begin PBXVariantGroup section */
		6E64C77925CA89CA00AFF856 /* Main.storyboard */ = {
			isa = PBXVariantGroup;
			children = (
				6E64C77A25CA89CA00AFF856 /* Base */,
			);
			name = Main.storyboard;
			sourceTree = "<group>";
		};
		6E64C77E25CA89CF00AFF856 /* LaunchScreen.storyboard */ = {
			isa = PBXVariantGroup;
			children = (
				6E64C77F25CA89CF00AFF856 /* Base */,
			);
			name = LaunchScreen.storyboard;
			sourceTree = "<group>";
		};
/* End PBXVariantGroup section */

/* Begin XCBuildConfiguration section */
		6E64C78225CA89CF00AFF856 /* Debug */ = {
			isa = XCBuildConfiguration;
			buildSettings = {
				ALWAYS_SEARCH_USER_PATHS = NO;
				CLANG_ANALYZER_NONNULL = YES;
				CLANG_ANALYZER_NUMBER_OBJECT_CONVERSION = YES_AGGRESSIVE;
				CLANG_CXX_LANGUAGE_STANDARD = "gnu++14";
				CLANG_CXX_LIBRARY = "libc++";
				CLANG_ENABLE_MODULES = YES;
				CLANG_ENABLE_OBJC_ARC = YES;
				CLANG_ENABLE_OBJC_WEAK = YES;
				CLANG_WARN_BLOCK_CAPTURE_AUTORELEASING = YES;
				CLANG_WARN_BOOL_CONVERSION = YES;
				CLANG_WARN_COMMA = YES;
				CLANG_WARN_CONSTANT_CONVERSION = YES;
				CLANG_WARN_DEPRECATED_OBJC_IMPLEMENTATIONS = YES;
				CLANG_WARN_DIRECT_OBJC_ISA_USAGE = YES_ERROR;
				CLANG_WARN_DOCUMENTATION_COMMENTS = YES;
				CLANG_WARN_EMPTY_BODY = YES;
				CLANG_WARN_ENUM_CONVERSION = YES;
				CLANG_WARN_INFINITE_RECURSION = YES;
				CLANG_WARN_INT_CONVERSION = YES;
				CLANG_WARN_NON_LITERAL_NULL_CONVERSION = YES;
				CLANG_WARN_OBJC_IMPLICIT_RETAIN_SELF = YES;
				CLANG_WARN_OBJC_LITERAL_CONVERSION = YES;
				CLANG_WARN_OBJC_ROOT_CLASS = YES_ERROR;
				CLANG_WARN_QUOTED_INCLUDE_IN_FRAMEWORK_HEADER = YES;
				CLANG_WARN_RANGE_LOOP_ANALYSIS = YES;
				CLANG_WARN_STRICT_PROTOTYPES = YES;
				CLANG_WARN_SUSPICIOUS_MOVE = YES;
				CLANG_WARN_UNGUARDED_AVAILABILITY = YES_AGGRESSIVE;
				CLANG_WARN_UNREACHABLE_CODE = YES;
				CLANG_WARN__DUPLICATE_METHOD_MATCH = YES;
				COPY_PHASE_STRIP = NO;
				DEBUG_INFORMATION_FORMAT = dwarf;
				ENABLE_STRICT_OBJC_MSGSEND = YES;
				ENABLE_TESTABILITY = YES;
				GCC_C_LANGUAGE_STANDARD = gnu11;
				GCC_DYNAMIC_NO_PIC = NO;
				GCC_NO_COMMON_BLOCKS = YES;
				GCC_OPTIMIZATION_LEVEL = 0;
				GCC_PREPROCESSOR_DEFINITIONS = (
					"DEBUG=1",
					"$(inherited)",
				);
				GCC_WARN_64_TO_32_BIT_CONVERSION = YES;
				GCC_WARN_ABOUT_RETURN_TYPE = YES_ERROR;
				GCC_WARN_UNDECLARED_SELECTOR = YES;
				GCC_WARN_UNINITIALIZED_AUTOS = YES_AGGRESSIVE;
				GCC_WARN_UNUSED_FUNCTION = YES;
				GCC_WARN_UNUSED_VARIABLE = YES;
				IPHONEOS_DEPLOYMENT_TARGET = 14.4;
				MTL_ENABLE_DEBUG_INFO = INCLUDE_SOURCE;
				MTL_FAST_MATH = YES;
				ONLY_ACTIVE_ARCH = YES;
				SDKROOT = iphoneos;
				SWIFT_ACTIVE_COMPILATION_CONDITIONS = DEBUG;
				SWIFT_OPTIMIZATION_LEVEL = "-Onone";
			};
			name = Debug;
		};
		6E64C78325CA89CF00AFF856 /* Release */ = {
			isa = XCBuildConfiguration;
			buildSettings = {
				ALWAYS_SEARCH_USER_PATHS = NO;
				CLANG_ANALYZER_NONNULL = YES;
				CLANG_ANALYZER_NUMBER_OBJECT_CONVERSION = YES_AGGRESSIVE;
				CLANG_CXX_LANGUAGE_STANDARD = "gnu++14";
				CLANG_CXX_LIBRARY = "libc++";
				CLANG_ENABLE_MODULES = YES;
				CLANG_ENABLE_OBJC_ARC = YES;
				CLANG_ENABLE_OBJC_WEAK = YES;
				CLANG_WARN_BLOCK_CAPTURE_AUTORELEASING = YES;
				CLANG_WARN_BOOL_CONVERSION = YES;
				CLANG_WARN_COMMA = YES;
				CLANG_WARN_CONSTANT_CONVERSION = YES;
				CLANG_WARN_DEPRECATED_OBJC_IMPLEMENTATIONS = YES;
				CLANG_WARN_DIRECT_OBJC_ISA_USAGE = YES_ERROR;
				CLANG_WARN_DOCUMENTATION_COMMENTS = YES;
				CLANG_WARN_EMPTY_BODY = YES;
				CLANG_WARN_ENUM_CONVERSION = YES;
				CLANG_WARN_INFINITE_RECURSION = YES;
				CLANG_WARN_INT_CONVERSION = YES;
				CLANG_WARN_NON_LITERAL_NULL_CONVERSION = YES;
				CLANG_WARN_OBJC_IMPLICIT_RETAIN_SELF = YES;
				CLANG_WARN_OBJC_LITERAL_CONVERSION = YES;
				CLANG_WARN_OBJC_ROOT_CLASS = YES_ERROR;
				CLANG_WARN_QUOTED_INCLUDE_IN_FRAMEWORK_HEADER = YES;
				CLANG_WARN_RANGE_LOOP_ANALYSIS = YES;
				CLANG_WARN_STRICT_PROTOTYPES = YES;
				CLANG_WARN_SUSPICIOUS_MOVE = YES;
				CLANG_WARN_UNGUARDED_AVAILABILITY = YES_AGGRESSIVE;
				CLANG_WARN_UNREACHABLE_CODE = YES;
				CLANG_WARN__DUPLICATE_METHOD_MATCH = YES;
				COPY_PHASE_STRIP = NO;
				DEBUG_INFORMATION_FORMAT = "dwarf-with-dsym";
				ENABLE_NS_ASSERTIONS = NO;
				ENABLE_STRICT_OBJC_MSGSEND = YES;
				GCC_C_LANGUAGE_STANDARD = gnu11;
				GCC_NO_COMMON_BLOCKS = YES;
				GCC_WARN_64_TO_32_BIT_CONVERSION = YES;
				GCC_WARN_ABOUT_RETURN_TYPE = YES_ERROR;
				GCC_WARN_UNDECLARED_SELECTOR = YES;
				GCC_WARN_UNINITIALIZED_AUTOS = YES_AGGRESSIVE;
				GCC_WARN_UNUSED_FUNCTION = YES;
				GCC_WARN_UNUSED_VARIABLE = YES;
				IPHONEOS_DEPLOYMENT_TARGET = 14.4;
				MTL_ENABLE_DEBUG_INFO = NO;
				MTL_FAST_MATH = YES;
				SDKROOT = iphoneos;
				SWIFT_COMPILATION_MODE = wholemodule;
				SWIFT_OPTIMIZATION_LEVEL = "-O";
				VALIDATE_PRODUCT = YES;
			};
			name = Release;
		};
		6E64C78525CA89CF00AFF856 /* Debug */ = {
			isa = XCBuildConfiguration;
			buildSettings = {
				ASSETCATALOG_COMPILER_APPICON_NAME = AppIcon;
				ASSETCATALOG_COMPILER_GLOBAL_ACCENT_COLOR_NAME = AccentColor;
				CODE_SIGN_STYLE = Automatic;
				DEVELOPMENT_TEAM = 22SK3TQP4R;
				INFOPLIST_FILE = WeatherApp/Info.plist;
				LD_RUNPATH_SEARCH_PATHS = (
					"$(inherited)",
					"@executable_path/Frameworks",
				);
				PRODUCT_BUNDLE_IDENTIFIER = weatherApp.roman.WeatherApp;
				PRODUCT_NAME = "$(TARGET_NAME)";
				SWIFT_VERSION = 5.0;
				TARGETED_DEVICE_FAMILY = 1;
			};
			name = Debug;
		};
		6E64C78625CA89CF00AFF856 /* Release */ = {
			isa = XCBuildConfiguration;
			buildSettings = {
				ASSETCATALOG_COMPILER_APPICON_NAME = AppIcon;
				ASSETCATALOG_COMPILER_GLOBAL_ACCENT_COLOR_NAME = AccentColor;
				CODE_SIGN_STYLE = Automatic;
				DEVELOPMENT_TEAM = 22SK3TQP4R;
				INFOPLIST_FILE = WeatherApp/Info.plist;
				LD_RUNPATH_SEARCH_PATHS = (
					"$(inherited)",
					"@executable_path/Frameworks",
				);
				PRODUCT_BUNDLE_IDENTIFIER = weatherApp.roman.WeatherApp;
				PRODUCT_NAME = "$(TARGET_NAME)";
				SWIFT_VERSION = 5.0;
				TARGETED_DEVICE_FAMILY = 1;
			};
			name = Release;
		};
/* End XCBuildConfiguration section */

/* Begin XCConfigurationList section */
		6E64C76B25CA89C900AFF856 /* Build configuration list for PBXProject "WeatherApp" */ = {
			isa = XCConfigurationList;
			buildConfigurations = (
				6E64C78225CA89CF00AFF856 /* Debug */,
				6E64C78325CA89CF00AFF856 /* Release */,
			);
			defaultConfigurationIsVisible = 0;
			defaultConfigurationName = Release;
		};
		6E64C78425CA89CF00AFF856 /* Build configuration list for PBXNativeTarget "WeatherApp" */ = {
			isa = XCConfigurationList;
			buildConfigurations = (
				6E64C78525CA89CF00AFF856 /* Debug */,
				6E64C78625CA89CF00AFF856 /* Release */,
			);
			defaultConfigurationIsVisible = 0;
			defaultConfigurationName = Release;
		};
/* End XCConfigurationList section */
	};
	rootObject = 6E64C76825CA89C900AFF856 /* Project object */;
}
